// !$*UTF8*$!
{
	archiveVersion = 1;
	classes = {
	};
	objectVersion = 46;
	objects = {

/* Begin PBXBuildFile section */
		CE67DF761E9643C70034288C /* AppDelegate.swift in Sources */ = {isa = PBXBuildFile; fileRef = CE67DF751E9643C70034288C /* AppDelegate.swift */; };
		CE67DF781E9643C70034288C /* ViewController.swift in Sources */ = {isa = PBXBuildFile; fileRef = CE67DF771E9643C70034288C /* ViewController.swift */; };
		CE67DF7B1E9643C70034288C /* Main.storyboard in Resources */ = {isa = PBXBuildFile; fileRef = CE67DF791E9643C70034288C /* Main.storyboard */; };
		CE67DF7D1E9643C70034288C /* Assets.xcassets in Resources */ = {isa = PBXBuildFile; fileRef = CE67DF7C1E9643C70034288C /* Assets.xcassets */; };
		CE67DF801E9643C70034288C /* LaunchScreen.storyboard in Resources */ = {isa = PBXBuildFile; fileRef = CE67DF7E1E9643C70034288C /* LaunchScreen.storyboard */; };
		CE67DF8A1E9643CE0034288C /* HomeKit.framework in Frameworks */ = {isa = PBXBuildFile; fileRef = CE67DF891E9643CE0034288C /* HomeKit.framework */; };
		CE67DF8C1E9645E30034288C /* MyHomeKit.swift in Sources */ = {isa = PBXBuildFile; fileRef = CE67DF8B1E9645E30034288C /* MyHomeKit.swift */; };
/* End PBXBuildFile section */

/* Begin PBXFileReference section */
		CE67DF721E9643C70034288C /* HomeKitDemo.app */ = {isa = PBXFileReference; explicitFileType = wrapper.application; includeInIndex = 0; path = HomeKitDemo.app; sourceTree = BUILT_PRODUCTS_DIR; };
		CE67DF751E9643C70034288C /* AppDelegate.swift */ = {isa = PBXFileReference; lastKnownFileType = sourcecode.swift; path = AppDelegate.swift; sourceTree = "<group>"; };
		CE67DF771E9643C70034288C /* ViewController.swift */ = {isa = PBXFileReference; lastKnownFileType = sourcecode.swift; path = ViewController.swift; sourceTree = "<group>"; };
		CE67DF7A1E9643C70034288C /* Base */ = {isa = PBXFileReference; lastKnownFileType = file.storyboard; name = Base; path = Base.lproj/Main.storyboard; sourceTree = "<group>"; };
		CE67DF7C1E9643C70034288C /* Assets.xcassets */ = {isa = PBXFileReference; lastKnownFileType = folder.assetcatalog; path = Assets.xcassets; sourceTree = "<group>"; };
		CE67DF7F1E9643C70034288C /* Base */ = {isa = PBXFileReference; lastKnownFileType = file.storyboard; name = Base; path = Base.lproj/LaunchScreen.storyboard; sourceTree = "<group>"; };
		CE67DF811E9643C70034288C /* Info.plist */ = {isa = PBXFileReference; lastKnownFileType = text.plist.xml; path = Info.plist; sourceTree = "<group>"; };
		CE67DF871E9643CE0034288C /* HomeKitDemo.entitlements */ = {isa = PBXFileReference; lastKnownFileType = text.plist.entitlements; path = HomeKitDemo.entitlements; sourceTree = "<group>"; };
		CE67DF891E9643CE0034288C /* HomeKit.framework */ = {isa = PBXFileReference; lastKnownFileType = wrapper.framework; name = HomeKit.framework; path = System/Library/Frameworks/HomeKit.framework; sourceTree = SDKROOT; };
		CE67DF8B1E9645E30034288C /* MyHomeKit.swift */ = {isa = PBXFileReference; fileEncoding = 4; lastKnownFileType = sourcecode.swift; path = MyHomeKit.swift; sourceTree = "<group>"; };
/* End PBXFileReference section */

/* Begin PBXFrameworksBuildPhase section */
		CE67DF6F1E9643C70034288C /* Frameworks */ = {
			isa = PBXFrameworksBuildPhase;
			buildActionMask = 2147483647;
			files = (
				CE67DF8A1E9643CE0034288C /* HomeKit.framework in Frameworks */,
			);
			runOnlyForDeploymentPostprocessing = 0;
		};
/* End PBXFrameworksBuildPhase section */

/* Begin PBXGroup section */
		CE67DF691E9643C70034288C = {
			isa = PBXGroup;
			children = (
				CE67DF741E9643C70034288C /* HomeKitDemo */,
				CE67DF731E9643C70034288C /* Products */,
				CE67DF881E9643CE0034288C /* Frameworks */,
			);
			sourceTree = "<group>";
		};
		CE67DF731E9643C70034288C /* Products */ = {
			isa = PBXGroup;
			children = (
				CE67DF721E9643C70034288C /* HomeKitDemo.app */,
			);
			name = Products;
			sourceTree = "<group>";
		};
		CE67DF741E9643C70034288C /* HomeKitDemo */ = {
			isa = PBXGroup;
			children = (
				CE67DF871E9643CE0034288C /* HomeKitDemo.entitlements */,
				CE67DF751E9643C70034288C /* AppDelegate.swift */,
				CE67DF771E9643C70034288C /* ViewController.swift */,
				CE67DF8B1E9645E30034288C /* MyHomeKit.swift */,
				CE67DF791E9643C70034288C /* Main.storyboard */,
				CE67DF7C1E9643C70034288C /* Assets.xcassets */,
				CE67DF7E1E9643C70034288C /* LaunchScreen.storyboard */,
				CE67DF811E9643C70034288C /* Info.plist */,
			);
			path = HomeKitDemo;
			sourceTree = "<group>";
		};
		CE67DF881E9643CE0034288C /* Frameworks */ = {
			isa = PBXGroup;
			children = (
				CE67DF891E9643CE0034288C /* HomeKit.framework */,
			);
			name = Frameworks;
			sourceTree = "<group>";
		};
/* End PBXGroup section */

/* Begin PBXNativeTarget section */
		CE67DF711E9643C70034288C /* HomeKitDemo */ = {
			isa = PBXNativeTarget;
			buildConfigurationList = CE67DF841E9643C70034288C /* Build configuration list for PBXNativeTarget "HomeKitDemo" */;
			buildPhases = (
				CE67DF6E1E9643C70034288C /* Sources */,
				CE67DF6F1E9643C70034288C /* Frameworks */,
				CE67DF701E9643C70034288C /* Resources */,
			);
			buildRules = (
			);
			dependencies = (
			);
			name = HomeKitDemo;
			productName = HomeKitDemo;
			productReference = CE67DF721E9643C70034288C /* HomeKitDemo.app */;
			productType = "com.apple.product-type.application";
		};
/* End PBXNativeTarget section */

/* Begin PBXProject section */
		CE67DF6A1E9643C70034288C /* Project object */ = {
			isa = PBXProject;
			attributes = {
				LastSwiftUpdateCheck = 0820;
				LastUpgradeCheck = 0820;
				ORGANIZATIONNAME = user;
				TargetAttributes = {
					CE67DF711E9643C70034288C = {
						CreatedOnToolsVersion = 8.2.1;
						DevelopmentTeam = Y8HTQSGD6V;
						ProvisioningStyle = Automatic;
						SystemCapabilities = {
							com.apple.HomeKit = {
								enabled = 1;
							};
						};
					};
				};
			};
			buildConfigurationList = CE67DF6D1E9643C70034288C /* Build configuration list for PBXProject "HomeKitDemo" */;
			compatibilityVersion = "Xcode 3.2";
			developmentRegion = English;
			hasScannedForEncodings = 0;
			knownRegions = (
				en,
				Base,
			);
			mainGroup = CE67DF691E9643C70034288C;
			productRefGroup = CE67DF731E9643C70034288C /* Products */;
			projectDirPath = "";
			projectRoot = "";
			targets = (
				CE67DF711E9643C70034288C /* HomeKitDemo */,
			);
		};
/* End PBXProject section */

/* Begin PBXResourcesBuildPhase section */
		CE67DF701E9643C70034288C /* Resources */ = {
			isa = PBXResourcesBuildPhase;
			buildActionMask = 2147483647;
			files = (
				CE67DF801E9643C70034288C /* LaunchScreen.storyboard in Resources */,
				CE67DF7D1E9643C70034288C /* Assets.xcassets in Resources */,
				CE67DF7B1E9643C70034288C /* Main.storyboard in Resources */,
			);
			runOnlyForDeploymentPostprocessing = 0;
		};
/* End PBXResourcesBuildPhase section */

/* Begin PBXSourcesBuildPhase section */
		CE67DF6E1E9643C70034288C /* Sources */ = {
			isa = PBXSourcesBuildPhase;
			buildActionMask = 2147483647;
			files = (
				CE67DF781E9643C70034288C /* ViewController.swift in Sources */,
				CE67DF761E9643C70034288C /* AppDelegate.swift in Sources */,
				CE67DF8C1E9645E30034288C /* MyHomeKit.swift in Sources */,
			);
			runOnlyForDeploymentPostprocessing = 0;
		};
/* End PBXSourcesBuildPhase section */

/* Begin PBXVariantGroup section */
		CE67DF791E9643C70034288C /* Main.storyboard */ = {
			isa = PBXVariantGroup;
			children = (
				CE67DF7A1E9643C70034288C /* Base */,
			);
			name = Main.storyboard;
			sourceTree = "<group>";
		};
		CE67DF7E1E9643C70034288C /* LaunchScreen.storyboard */ = {
			isa = PBXVariantGroup;
			children = (
				CE67DF7F1E9643C70034288C /* Base */,
			);
			name = LaunchScreen.storyboard;
			sourceTree = "<group>";
		};
/* End PBXVariantGroup section */

/* Begin XCBuildConfiguration section */
		CE67DF821E9643C70034288C /* Debug */ = {
			isa = XCBuildConfiguration;
			buildSettings = {
				ALWAYS_SEARCH_USER_PATHS = NO;
				CLANG_ANALYZER_NONNULL = YES;
				CLANG_CXX_LANGUAGE_STANDARD = "gnu++0x";
				CLANG_CXX_LIBRARY = "libc++";
				CLANG_ENABLE_MODULES = YES;
				CLANG_ENABLE_OBJC_ARC = YES;
				CLANG_WARN_BOOL_CONVERSION = YES;
				CLANG_WARN_CONSTANT_CONVERSION = YES;
				CLANG_WARN_DIRECT_OBJC_ISA_USAGE = YES_ERROR;
				CLANG_WARN_DOCUMENTATION_COMMENTS = YES;
				CLANG_WARN_EMPTY_BODY = YES;
				CLANG_WARN_ENUM_CONVERSION = YES;
				CLANG_WARN_INFINITE_RECURSION = YES;
				CLANG_WARN_INT_CONVERSION = YES;
				CLANG_WARN_OBJC_ROOT_CLASS = YES_ERROR;
				CLANG_WARN_SUSPICIOUS_MOVE = YES;
				CLANG_WARN_UNREACHABLE_CODE = YES;
				CLANG_WARN__DUPLICATE_METHOD_MATCH = YES;
				"CODE_SIGN_IDENTITY[sdk=iphoneos*]" = "iPhone Developer";
				COPY_PHASE_STRIP = NO;
				DEBUG_INFORMATION_FORMAT = dwarf;
				ENABLE_STRICT_OBJC_MSGSEND = YES;
				ENABLE_TESTABILITY = YES;
				GCC_C_LANGUAGE_STANDARD = gnu99;
				GCC_DYNAMIC_NO_PIC = NO;
				GCC_NO_COMMON_BLOCKS = YES;
				GCC_OPTIMIZATION_LEVEL = 0;
				GCC_PREPROCESSOR_DEFINITIONS = (
					"DEBUG=1",
					"$(inherited)",
				);
				GCC_WARN_64_TO_32_BIT_CONVERSION = YES;
				GCC_WARN_ABOUT_RETURN_TYPE = YES_ERROR;
				GCC_WARN_UNDECLARED_SELECTOR = YES;
				GCC_WARN_UNINITIALIZED_AUTOS = YES_AGGRESSIVE;
				GCC_WARN_UNUSED_FUNCTION = YES;
				GCC_WARN_UNUSED_VARIABLE = YES;
				IPHONEOS_DEPLOYMENT_TARGET = 10.2;
				MTL_ENABLE_DEBUG_INFO = YES;
				ONLY_ACTIVE_ARCH = YES;
				SDKROOT = iphoneos;
				SWIFT_ACTIVE_COMPILATION_CONDITIONS = DEBUG;
				SWIFT_OPTIMIZATION_LEVEL = "-Onone";
			};
			name = Debug;
		};
		CE67DF831E9643C70034288C /* Release */ = {
			isa = XCBuildConfiguration;
			buildSettings = {
				ALWAYS_SEARCH_USER_PATHS = NO;
				CLANG_ANALYZER_NONNULL = YES;
				CLANG_CXX_LANGUAGE_STANDARD = "gnu++0x";
				CLANG_CXX_LIBRARY = "libc++";
				CLANG_ENABLE_MODULES = YES;
				CLANG_ENABLE_OBJC_ARC = YES;
				CLANG_WARN_BOOL_CONVERSION = YES;
				CLANG_WARN_CONSTANT_CONVERSION = YES;
				CLANG_WARN_DIRECT_OBJC_ISA_USAGE = YES_ERROR;
				CLANG_WARN_DOCUMENTATION_COMMENTS = YES;
				CLANG_WARN_EMPTY_BODY = YES;
				CLANG_WARN_ENUM_CONVERSION = YES;
				CLANG_WARN_INFINITE_RECURSION = YES;
				CLANG_WARN_INT_CONVERSION = YES;
				CLANG_WARN_OBJC_ROOT_CLASS = YES_ERROR;
				CLANG_WARN_SUSPICIOUS_MOVE = YES;
				CLANG_WARN_UNREACHABLE_CODE = YES;
				CLANG_WARN__DUPLICATE_METHOD_MATCH = YES;
				"CODE_SIGN_IDENTITY[sdk=iphoneos*]" = "iPhone Developer";
				COPY_PHASE_STRIP = NO;
				DEBUG_INFORMATION_FORMAT = "dwarf-with-dsym";
				ENABLE_NS_ASSERTIONS = NO;
				ENABLE_STRICT_OBJC_MSGSEND = YES;
				GCC_C_LANGUAGE_STANDARD = gnu99;
				GCC_NO_COMMON_BLOCKS = YES;
				GCC_WARN_64_TO_32_BIT_CONVERSION = YES;
				GCC_WARN_ABOUT_RETURN_TYPE = YES_ERROR;
				GCC_WARN_UNDECLARED_SELECTOR = YES;
				GCC_WARN_UNINITIALIZED_AUTOS = YES_AGGRESSIVE;
				GCC_WARN_UNUSED_FUNCTION = YES;
				GCC_WARN_UNUSED_VARIABLE = YES;
				IPHONEOS_DEPLOYMENT_TARGET = 10.2;
				MTL_ENABLE_DEBUG_INFO = NO;
				SDKROOT = iphoneos;
				SWIFT_OPTIMIZATION_LEVEL = "-Owholemodule";
				VALIDATE_PRODUCT = YES;
			};
			name = Release;
		};
		CE67DF851E9643C70034288C /* Debug */ = {
			isa = XCBuildConfiguration;
			buildSettings = {
				ASSETCATALOG_COMPILER_APPICON_NAME = AppIcon;
				CODE_SIGN_ENTITLEMENTS = HomeKitDemo/HomeKitDemo.entitlements;
				DEVELOPMENT_TEAM = Y8HTQSGD6V;
				INFOPLIST_FILE = HomeKitDemo/Info.plist;
				LD_RUNPATH_SEARCH_PATHS = "$(inherited) @executable_path/Frameworks";
				PRODUCT_BUNDLE_IDENTIFIER = com.qianyilc.qianyilicai.HomeKitDemo;
				PRODUCT_NAME = "$(TARGET_NAME)";
				SWIFT_VERSION = 3.0;
			};
			name = Debug;
		};
		CE67DF861E9643C70034288C /* Release */ = {
			isa = XCBuildConfiguration;
			buildSettings = {
				ASSETCATALOG_COMPILER_APPICON_NAME = AppIcon;
				CODE_SIGN_ENTITLEMENTS = HomeKitDemo/HomeKitDemo.entitlements;
				DEVELOPMENT_TEAM = Y8HTQSGD6V;
				INFOPLIST_FILE = HomeKitDemo/Info.plist;
				LD_RUNPATH_SEARCH_PATHS = "$(inherited) @executable_path/Frameworks";
				PRODUCT_BUNDLE_IDENTIFIER = com.qianyilc.qianyilicai.HomeKitDemo;
				PRODUCT_NAME = "$(TARGET_NAME)";
				SWIFT_VERSION = 3.0;
			};
			name = Release;
		};
/* End XCBuildConfiguration section */

/* Begin XCConfigurationList section */
		CE67DF6D1E9643C70034288C /* Build configuration list for PBXProject "HomeKitDemo" */ = {
			isa = XCConfigurationList;
			buildConfigurations = (
				CE67DF821E9643C70034288C /* Debug */,
				CE67DF831E9643C70034288C /* Release */,
			);
			defaultConfigurationIsVisible = 0;
			defaultConfigurationName = Release;
		};
		CE67DF841E9643C70034288C /* Build configuration list for PBXNativeTarget "HomeKitDemo" */ = {
			isa = XCConfigurationList;
			buildConfigurations = (
				CE67DF851E9643C70034288C /* Debug */,
				CE67DF861E9643C70034288C /* Release */,
			);
			defaultConfigurationIsVisible = 0;
		};
/* End XCConfigurationList section */
	};
	rootObject = CE67DF6A1E9643C70034288C /* Project object */;
}
